// !$*UTF8*$!
{
	archiveVersion = 1;
	classes = {
	};
	objectVersion = 56;
	objects = {

/* Begin PBXBuildFile section */
		9F62085D2AB929260089A6C1 /* AppDelegate.swift in Sources */ = {isa = PBXBuildFile; fileRef = 9F62085C2AB929260089A6C1 /* AppDelegate.swift */; };
		9F62085F2AB929260089A6C1 /* SceneDelegate.swift in Sources */ = {isa = PBXBuildFile; fileRef = 9F62085E2AB929260089A6C1 /* SceneDelegate.swift */; };
		9F6208612AB929260089A6C1 /* ViewController.swift in Sources */ = {isa = PBXBuildFile; fileRef = 9F6208602AB929260089A6C1 /* ViewController.swift */; };
		9F6208642AB929260089A6C1 /* Main.storyboard in Resources */ = {isa = PBXBuildFile; fileRef = 9F6208622AB929260089A6C1 /* Main.storyboard */; };
		9F6208662AB929280089A6C1 /* Assets.xcassets in Resources */ = {isa = PBXBuildFile; fileRef = 9F6208652AB929280089A6C1 /* Assets.xcassets */; };
		9F6208692AB929280089A6C1 /* LaunchScreen.storyboard in Resources */ = {isa = PBXBuildFile; fileRef = 9F6208672AB929280089A6C1 /* LaunchScreen.storyboard */; };
		9F6208722AB929610089A6C1 /* Alamofire in Frameworks */ = {isa = PBXBuildFile; productRef = 9F6208712AB929610089A6C1 /* Alamofire */; };
		9F6208752AB9296A0089A6C1 /* Kingfisher in Frameworks */ = {isa = PBXBuildFile; productRef = 9F6208742AB9296A0089A6C1 /* Kingfisher */; };
		9F6208782AB929740089A6C1 /* SnapKit in Frameworks */ = {isa = PBXBuildFile; productRef = 9F6208772AB929740089A6C1 /* SnapKit */; };
		9F62087B2AB93CE00089A6C1 /* NetworkBasic.swift in Sources */ = {isa = PBXBuildFile; fileRef = 9F62087A2AB93CE00089A6C1 /* NetworkBasic.swift */; };
		9F62087D2AB9649E0089A6C1 /* SeSACAPI.swift in Sources */ = {isa = PBXBuildFile; fileRef = 9F62087C2AB9649E0089A6C1 /* SeSACAPI.swift */; };
		9F62087F2AB9743D0089A6C1 /* Network.swift in Sources */ = {isa = PBXBuildFile; fileRef = 9F62087E2AB9743D0089A6C1 /* Network.swift */; };
		9F6208832ABA67F30089A6C1 /* AssignmentViewController.swift in Sources */ = {isa = PBXBuildFile; fileRef = 9F6208822ABA67F30089A6C1 /* AssignmentViewController.swift */; };
		9F6208852ABA683E0089A6C1 /* AssignmentNetworkBasic.swift in Sources */ = {isa = PBXBuildFile; fileRef = 9F6208842ABA683E0089A6C1 /* AssignmentNetworkBasic.swift */; };
		9FA9CB9A2ABA6E3A003EA41E /* BeerAPI.swift in Sources */ = {isa = PBXBuildFile; fileRef = 9FA9CB992ABA6E3A003EA41E /* BeerAPI.swift */; };
		9FA9CB9C2ABA72C3003EA41E /* AssignmentNetwork.swift in Sources */ = {isa = PBXBuildFile; fileRef = 9FA9CB9B2ABA72C3003EA41E /* AssignmentNetwork.swift */; };
/* End PBXBuildFile section */

/* Begin PBXFileReference section */
		9F6208592AB929260089A6C1 /* SeSAC3Week10.app */ = {isa = PBXFileReference; explicitFileType = wrapper.application; includeInIndex = 0; path = SeSAC3Week10.app; sourceTree = BUILT_PRODUCTS_DIR; };
		9F62085C2AB929260089A6C1 /* AppDelegate.swift */ = {isa = PBXFileReference; lastKnownFileType = sourcecode.swift; path = AppDelegate.swift; sourceTree = "<group>"; };
		9F62085E2AB929260089A6C1 /* SceneDelegate.swift */ = {isa = PBXFileReference; lastKnownFileType = sourcecode.swift; path = SceneDelegate.swift; sourceTree = "<group>"; };
		9F6208602AB929260089A6C1 /* ViewController.swift */ = {isa = PBXFileReference; lastKnownFileType = sourcecode.swift; path = ViewController.swift; sourceTree = "<group>"; };
		9F6208632AB929260089A6C1 /* Base */ = {isa = PBXFileReference; lastKnownFileType = file.storyboard; name = Base; path = Base.lproj/Main.storyboard; sourceTree = "<group>"; };
		9F6208652AB929280089A6C1 /* Assets.xcassets */ = {isa = PBXFileReference; lastKnownFileType = folder.assetcatalog; path = Assets.xcassets; sourceTree = "<group>"; };
		9F6208682AB929280089A6C1 /* Base */ = {isa = PBXFileReference; lastKnownFileType = file.storyboard; name = Base; path = Base.lproj/LaunchScreen.storyboard; sourceTree = "<group>"; };
		9F62086A2AB929280089A6C1 /* Info.plist */ = {isa = PBXFileReference; lastKnownFileType = text.plist.xml; path = Info.plist; sourceTree = "<group>"; };
		9F62087A2AB93CE00089A6C1 /* NetworkBasic.swift */ = {isa = PBXFileReference; lastKnownFileType = sourcecode.swift; path = NetworkBasic.swift; sourceTree = "<group>"; };
		9F62087C2AB9649E0089A6C1 /* SeSACAPI.swift */ = {isa = PBXFileReference; lastKnownFileType = sourcecode.swift; path = SeSACAPI.swift; sourceTree = "<group>"; };
		9F62087E2AB9743D0089A6C1 /* Network.swift */ = {isa = PBXFileReference; lastKnownFileType = sourcecode.swift; path = Network.swift; sourceTree = "<group>"; };
		9F6208822ABA67F30089A6C1 /* AssignmentViewController.swift */ = {isa = PBXFileReference; lastKnownFileType = sourcecode.swift; path = AssignmentViewController.swift; sourceTree = "<group>"; };
		9F6208842ABA683E0089A6C1 /* AssignmentNetworkBasic.swift */ = {isa = PBXFileReference; lastKnownFileType = sourcecode.swift; path = AssignmentNetworkBasic.swift; sourceTree = "<group>"; };
		9FA9CB992ABA6E3A003EA41E /* BeerAPI.swift */ = {isa = PBXFileReference; lastKnownFileType = sourcecode.swift; path = BeerAPI.swift; sourceTree = "<group>"; };
		9FA9CB9B2ABA72C3003EA41E /* AssignmentNetwork.swift */ = {isa = PBXFileReference; lastKnownFileType = sourcecode.swift; path = AssignmentNetwork.swift; sourceTree = "<group>"; };
/* End PBXFileReference section */

/* Begin PBXFrameworksBuildPhase section */
		9F6208562AB929260089A6C1 /* Frameworks */ = {
			isa = PBXFrameworksBuildPhase;
			buildActionMask = 2147483647;
			files = (
				9F6208782AB929740089A6C1 /* SnapKit in Frameworks */,
				9F6208752AB9296A0089A6C1 /* Kingfisher in Frameworks */,
				9F6208722AB929610089A6C1 /* Alamofire in Frameworks */,
			);
			runOnlyForDeploymentPostprocessing = 0;
		};
/* End PBXFrameworksBuildPhase section */

/* Begin PBXGroup section */
		9F6208502AB929260089A6C1 = {
			isa = PBXGroup;
			children = (
				9F62085B2AB929260089A6C1 /* SeSAC3Week10 */,
				9F62085A2AB929260089A6C1 /* Products */,
			);
			sourceTree = "<group>";
		};
		9F62085A2AB929260089A6C1 /* Products */ = {
			isa = PBXGroup;
			children = (
				9F6208592AB929260089A6C1 /* SeSAC3Week10.app */,
			);
			name = Products;
			sourceTree = "<group>";
		};
		9F62085B2AB929260089A6C1 /* SeSAC3Week10 */ = {
			isa = PBXGroup;
			children = (
				9F6208812ABA67D20089A6C1 /* Assignment */,
				9F62085C2AB929260089A6C1 /* AppDelegate.swift */,
				9F62085E2AB929260089A6C1 /* SceneDelegate.swift */,
				9F6208792AB93CD30089A6C1 /* Network */,
				9F6208602AB929260089A6C1 /* ViewController.swift */,
				9F6208622AB929260089A6C1 /* Main.storyboard */,
				9F6208652AB929280089A6C1 /* Assets.xcassets */,
				9F6208672AB929280089A6C1 /* LaunchScreen.storyboard */,
				9F62086A2AB929280089A6C1 /* Info.plist */,
			);
			path = SeSAC3Week10;
			sourceTree = "<group>";
		};
		9F6208792AB93CD30089A6C1 /* Network */ = {
			isa = PBXGroup;
			children = (
				9F62087A2AB93CE00089A6C1 /* NetworkBasic.swift */,
				9F62087C2AB9649E0089A6C1 /* SeSACAPI.swift */,
				9F62087E2AB9743D0089A6C1 /* Network.swift */,
			);
			path = Network;
			sourceTree = "<group>";
		};
		9F6208812ABA67D20089A6C1 /* Assignment */ = {
			isa = PBXGroup;
			children = (
				9F6208822ABA67F30089A6C1 /* AssignmentViewController.swift */,
				9F6208842ABA683E0089A6C1 /* AssignmentNetworkBasic.swift */,
				9FA9CB9B2ABA72C3003EA41E /* AssignmentNetwork.swift */,
				9FA9CB992ABA6E3A003EA41E /* BeerAPI.swift */,
			);
			path = Assignment;
			sourceTree = "<group>";
		};
/* End PBXGroup section */

/* Begin PBXNativeTarget section */
		9F6208582AB929260089A6C1 /* SeSAC3Week10 */ = {
			isa = PBXNativeTarget;
			buildConfigurationList = 9F62086D2AB929280089A6C1 /* Build configuration list for PBXNativeTarget "SeSAC3Week10" */;
			buildPhases = (
				9F6208552AB929260089A6C1 /* Sources */,
				9F6208562AB929260089A6C1 /* Frameworks */,
				9F6208572AB929260089A6C1 /* Resources */,
			);
			buildRules = (
			);
			dependencies = (
			);
			name = SeSAC3Week10;
			packageProductDependencies = (
				9F6208712AB929610089A6C1 /* Alamofire */,
				9F6208742AB9296A0089A6C1 /* Kingfisher */,
				9F6208772AB929740089A6C1 /* SnapKit */,
			);
			productName = SeSAC3Week10;
			productReference = 9F6208592AB929260089A6C1 /* SeSAC3Week10.app */;
			productType = "com.apple.product-type.application";
		};
/* End PBXNativeTarget section */

/* Begin PBXProject section */
		9F6208512AB929260089A6C1 /* Project object */ = {
			isa = PBXProject;
			attributes = {
				BuildIndependentTargetsInParallel = 1;
				LastSwiftUpdateCheck = 1430;
				LastUpgradeCheck = 1430;
				TargetAttributes = {
					9F6208582AB929260089A6C1 = {
						CreatedOnToolsVersion = 14.3.1;
					};
				};
			};
			buildConfigurationList = 9F6208542AB929260089A6C1 /* Build configuration list for PBXProject "SeSAC3Week10" */;
			compatibilityVersion = "Xcode 14.0";
			developmentRegion = en;
			hasScannedForEncodings = 0;
			knownRegions = (
				en,
				Base,
			);
			mainGroup = 9F6208502AB929260089A6C1;
			packageReferences = (
				9F6208702AB929610089A6C1 /* XCRemoteSwiftPackageReference "Alamofire" */,
				9F6208732AB9296A0089A6C1 /* XCRemoteSwiftPackageReference "Kingfisher" */,
				9F6208762AB929740089A6C1 /* XCRemoteSwiftPackageReference "SnapKit" */,
			);
			productRefGroup = 9F62085A2AB929260089A6C1 /* Products */;
			projectDirPath = "";
			projectRoot = "";
			targets = (
				9F6208582AB929260089A6C1 /* SeSAC3Week10 */,
			);
		};
/* End PBXProject section */

/* Begin PBXResourcesBuildPhase section */
		9F6208572AB929260089A6C1 /* Resources */ = {
			isa = PBXResourcesBuildPhase;
			buildActionMask = 2147483647;
			files = (
				9F6208692AB929280089A6C1 /* LaunchScreen.storyboard in Resources */,
				9F6208662AB929280089A6C1 /* Assets.xcassets in Resources */,
				9F6208642AB929260089A6C1 /* Main.storyboard in Resources */,
			);
			runOnlyForDeploymentPostprocessing = 0;
		};
/* End PBXResourcesBuildPhase section */

/* Begin PBXSourcesBuildPhase section */
		9F6208552AB929260089A6C1 /* Sources */ = {
			isa = PBXSourcesBuildPhase;
			buildActionMask = 2147483647;
			files = (
				9F6208612AB929260089A6C1 /* ViewController.swift in Sources */,
				9F62087B2AB93CE00089A6C1 /* NetworkBasic.swift in Sources */,
				9F62087F2AB9743D0089A6C1 /* Network.swift in Sources */,
				9F62087D2AB9649E0089A6C1 /* SeSACAPI.swift in Sources */,
				9FA9CB9A2ABA6E3A003EA41E /* BeerAPI.swift in Sources */,
				9F6208852ABA683E0089A6C1 /* AssignmentNetworkBasic.swift in Sources */,
				9F62085D2AB929260089A6C1 /* AppDelegate.swift in Sources */,
				9FA9CB9C2ABA72C3003EA41E /* AssignmentNetwork.swift in Sources */,
				9F6208832ABA67F30089A6C1 /* AssignmentViewController.swift in Sources */,
				9F62085F2AB929260089A6C1 /* SceneDelegate.swift in Sources */,
			);
			runOnlyForDeploymentPostprocessing = 0;
		};
/* End PBXSourcesBuildPhase section */

/* Begin PBXVariantGroup section */
		9F6208622AB929260089A6C1 /* Main.storyboard */ = {
			isa = PBXVariantGroup;
			children = (
				9F6208632AB929260089A6C1 /* Base */,
			);
			name = Main.storyboard;
			sourceTree = "<group>";
		};
		9F6208672AB929280089A6C1 /* LaunchScreen.storyboard */ = {
			isa = PBXVariantGroup;
			children = (
				9F6208682AB929280089A6C1 /* Base */,
			);
			name = LaunchScreen.storyboard;
			sourceTree = "<group>";
		};
/* End PBXVariantGroup section */

/* Begin XCBuildConfiguration section */
		9F62086B2AB929280089A6C1 /* Debug */ = {
			isa = XCBuildConfiguration;
			buildSettings = {
				ALWAYS_SEARCH_USER_PATHS = NO;
				CLANG_ANALYZER_NONNULL = YES;
				CLANG_ANALYZER_NUMBER_OBJECT_CONVERSION = YES_AGGRESSIVE;
				CLANG_CXX_LANGUAGE_STANDARD = "gnu++20";
				CLANG_ENABLE_MODULES = YES;
				CLANG_ENABLE_OBJC_ARC = YES;
				CLANG_ENABLE_OBJC_WEAK = YES;
				CLANG_WARN_BLOCK_CAPTURE_AUTORELEASING = YES;
				CLANG_WARN_BOOL_CONVERSION = YES;
				CLANG_WARN_COMMA = YES;
				CLANG_WARN_CONSTANT_CONVERSION = YES;
				CLANG_WARN_DEPRECATED_OBJC_IMPLEMENTATIONS = YES;
				CLANG_WARN_DIRECT_OBJC_ISA_USAGE = YES_ERROR;
				CLANG_WARN_DOCUMENTATION_COMMENTS = YES;
				CLANG_WARN_EMPTY_BODY = YES;
				CLANG_WARN_ENUM_CONVERSION = YES;
				CLANG_WARN_INFINITE_RECURSION = YES;
				CLANG_WARN_INT_CONVERSION = YES;
				CLANG_WARN_NON_LITERAL_NULL_CONVERSION = YES;
				CLANG_WARN_OBJC_IMPLICIT_RETAIN_SELF = YES;
				CLANG_WARN_OBJC_LITERAL_CONVERSION = YES;
				CLANG_WARN_OBJC_ROOT_CLASS = YES_ERROR;
				CLANG_WARN_QUOTED_INCLUDE_IN_FRAMEWORK_HEADER = YES;
				CLANG_WARN_RANGE_LOOP_ANALYSIS = YES;
				CLANG_WARN_STRICT_PROTOTYPES = YES;
				CLANG_WARN_SUSPICIOUS_MOVE = YES;
				CLANG_WARN_UNGUARDED_AVAILABILITY = YES_AGGRESSIVE;
				CLANG_WARN_UNREACHABLE_CODE = YES;
				CLANG_WARN__DUPLICATE_METHOD_MATCH = YES;
				COPY_PHASE_STRIP = NO;
				DEBUG_INFORMATION_FORMAT = dwarf;
				ENABLE_STRICT_OBJC_MSGSEND = YES;
				ENABLE_TESTABILITY = YES;
				GCC_C_LANGUAGE_STANDARD = gnu11;
				GCC_DYNAMIC_NO_PIC = NO;
				GCC_NO_COMMON_BLOCKS = YES;
				GCC_OPTIMIZATION_LEVEL = 0;
				GCC_PREPROCESSOR_DEFINITIONS = (
					"DEBUG=1",
					"$(inherited)",
				);
				GCC_WARN_64_TO_32_BIT_CONVERSION = YES;
				GCC_WARN_ABOUT_RETURN_TYPE = YES_ERROR;
				GCC_WARN_UNDECLARED_SELECTOR = YES;
				GCC_WARN_UNINITIALIZED_AUTOS = YES_AGGRESSIVE;
				GCC_WARN_UNUSED_FUNCTION = YES;
				GCC_WARN_UNUSED_VARIABLE = YES;
				IPHONEOS_DEPLOYMENT_TARGET = 16.4;
				MTL_ENABLE_DEBUG_INFO = INCLUDE_SOURCE;
				MTL_FAST_MATH = YES;
				ONLY_ACTIVE_ARCH = YES;
				SDKROOT = iphoneos;
				SWIFT_ACTIVE_COMPILATION_CONDITIONS = DEBUG;
				SWIFT_OPTIMIZATION_LEVEL = "-Onone";
			};
			name = Debug;
		};
		9F62086C2AB929280089A6C1 /* Release */ = {
			isa = XCBuildConfiguration;
			buildSettings = {
				ALWAYS_SEARCH_USER_PATHS = NO;
				CLANG_ANALYZER_NONNULL = YES;
				CLANG_ANALYZER_NUMBER_OBJECT_CONVERSION = YES_AGGRESSIVE;
				CLANG_CXX_LANGUAGE_STANDARD = "gnu++20";
				CLANG_ENABLE_MODULES = YES;
				CLANG_ENABLE_OBJC_ARC = YES;
				CLANG_ENABLE_OBJC_WEAK = YES;
				CLANG_WARN_BLOCK_CAPTURE_AUTORELEASING = YES;
				CLANG_WARN_BOOL_CONVERSION = YES;
				CLANG_WARN_COMMA = YES;
				CLANG_WARN_CONSTANT_CONVERSION = YES;
				CLANG_WARN_DEPRECATED_OBJC_IMPLEMENTATIONS = YES;
				CLANG_WARN_DIRECT_OBJC_ISA_USAGE = YES_ERROR;
				CLANG_WARN_DOCUMENTATION_COMMENTS = YES;
				CLANG_WARN_EMPTY_BODY = YES;
				CLANG_WARN_ENUM_CONVERSION = YES;
				CLANG_WARN_INFINITE_RECURSION = YES;
				CLANG_WARN_INT_CONVERSION = YES;
				CLANG_WARN_NON_LITERAL_NULL_CONVERSION = YES;
				CLANG_WARN_OBJC_IMPLICIT_RETAIN_SELF = YES;
				CLANG_WARN_OBJC_LITERAL_CONVERSION = YES;
				CLANG_WARN_OBJC_ROOT_CLASS = YES_ERROR;
				CLANG_WARN_QUOTED_INCLUDE_IN_FRAMEWORK_HEADER = YES;
				CLANG_WARN_RANGE_LOOP_ANALYSIS = YES;
				CLANG_WARN_STRICT_PROTOTYPES = YES;
				CLANG_WARN_SUSPICIOUS_MOVE = YES;
				CLANG_WARN_UNGUARDED_AVAILABILITY = YES_AGGRESSIVE;
				CLANG_WARN_UNREACHABLE_CODE = YES;
				CLANG_WARN__DUPLICATE_METHOD_MATCH = YES;
				COPY_PHASE_STRIP = NO;
				DEBUG_INFORMATION_FORMAT = "dwarf-with-dsym";
				ENABLE_NS_ASSERTIONS = NO;
				ENABLE_STRICT_OBJC_MSGSEND = YES;
				GCC_C_LANGUAGE_STANDARD = gnu11;
				GCC_NO_COMMON_BLOCKS = YES;
				GCC_WARN_64_TO_32_BIT_CONVERSION = YES;
				GCC_WARN_ABOUT_RETURN_TYPE = YES_ERROR;
				GCC_WARN_UNDECLARED_SELECTOR = YES;
				GCC_WARN_UNINITIALIZED_AUTOS = YES_AGGRESSIVE;
				GCC_WARN_UNUSED_FUNCTION = YES;
				GCC_WARN_UNUSED_VARIABLE = YES;
				IPHONEOS_DEPLOYMENT_TARGET = 16.4;
				MTL_ENABLE_DEBUG_INFO = NO;
				MTL_FAST_MATH = YES;
				SDKROOT = iphoneos;
				SWIFT_COMPILATION_MODE = wholemodule;
				SWIFT_OPTIMIZATION_LEVEL = "-O";
				VALIDATE_PRODUCT = YES;
			};
			name = Release;
		};
		9F62086E2AB929280089A6C1 /* Debug */ = {
			isa = XCBuildConfiguration;
			buildSettings = {
				ASSETCATALOG_COMPILER_APPICON_NAME = AppIcon;
				ASSETCATALOG_COMPILER_GLOBAL_ACCENT_COLOR_NAME = AccentColor;
				CODE_SIGN_STYLE = Automatic;
				CURRENT_PROJECT_VERSION = 1;
				DEVELOPMENT_TEAM = NDA4XU9NWX;
				GENERATE_INFOPLIST_FILE = YES;
				INFOPLIST_FILE = SeSAC3Week10/Info.plist;
				INFOPLIST_KEY_UIApplicationSupportsIndirectInputEvents = YES;
				INFOPLIST_KEY_UILaunchStoryboardName = LaunchScreen;
				INFOPLIST_KEY_UIMainStoryboardFile = Main;
				INFOPLIST_KEY_UISupportedInterfaceOrientations = UIInterfaceOrientationPortrait;
				INFOPLIST_KEY_UISupportedInterfaceOrientations_iPad = "UIInterfaceOrientationLandscapeLeft UIInterfaceOrientationLandscapeRight UIInterfaceOrientationPortrait UIInterfaceOrientationPortraitUpsideDown";
				LD_RUNPATH_SEARCH_PATHS = (
					"$(inherited)",
					"@executable_path/Frameworks",
				);
				MARKETING_VERSION = 1.0;
				PRODUCT_BUNDLE_IDENTIFIER = com.sesac.SeSAC3Week10;
				PRODUCT_NAME = "$(TARGET_NAME)";
				SUPPORTED_PLATFORMS = "iphoneos iphonesimulator";
				SUPPORTS_MACCATALYST = NO;
				SUPPORTS_MAC_DESIGNED_FOR_IPHONE_IPAD = NO;
				SWIFT_EMIT_LOC_STRINGS = YES;
				SWIFT_VERSION = 5.0;
				TARGETED_DEVICE_FAMILY = 1;
			};
			name = Debug;
		};
		9F62086F2AB929280089A6C1 /* Release */ = {
			isa = XCBuildConfiguration;
			buildSettings = {
				ASSETCATALOG_COMPILER_APPICON_NAME = AppIcon;
				ASSETCATALOG_COMPILER_GLOBAL_ACCENT_COLOR_NAME = AccentColor;
				CODE_SIGN_STYLE = Automatic;
				CURRENT_PROJECT_VERSION = 1;
				DEVELOPMENT_TEAM = NDA4XU9NWX;
				GENERATE_INFOPLIST_FILE = YES;
				INFOPLIST_FILE = SeSAC3Week10/Info.plist;
				INFOPLIST_KEY_UIApplicationSupportsIndirectInputEvents = YES;
				INFOPLIST_KEY_UILaunchStoryboardName = LaunchScreen;
				INFOPLIST_KEY_UIMainStoryboardFile = Main;
				INFOPLIST_KEY_UISupportedInterfaceOrientations = UIInterfaceOrientationPortrait;
				INFOPLIST_KEY_UISupportedInterfaceOrientations_iPad = "UIInterfaceOrientationLandscapeLeft UIInterfaceOrientationLandscapeRight UIInterfaceOrientationPortrait UIInterfaceOrientationPortraitUpsideDown";
				LD_RUNPATH_SEARCH_PATHS = (
					"$(inherited)",
					"@executable_path/Frameworks",
				);
				MARKETING_VERSION = 1.0;
				PRODUCT_BUNDLE_IDENTIFIER = com.sesac.SeSAC3Week10;
				PRODUCT_NAME = "$(TARGET_NAME)";
				SUPPORTED_PLATFORMS = "iphoneos iphonesimulator";
				SUPPORTS_MACCATALYST = NO;
				SUPPORTS_MAC_DESIGNED_FOR_IPHONE_IPAD = NO;
				SWIFT_EMIT_LOC_STRINGS = YES;
				SWIFT_VERSION = 5.0;
				TARGETED_DEVICE_FAMILY = 1;
			};
			name = Release;
		};
/* End XCBuildConfiguration section */

/* Begin XCConfigurationList section */
		9F6208542AB929260089A6C1 /* Build configuration list for PBXProject "SeSAC3Week10" */ = {
			isa = XCConfigurationList;
			buildConfigurations = (
				9F62086B2AB929280089A6C1 /* Debug */,
				9F62086C2AB929280089A6C1 /* Release */,
			);
			defaultConfigurationIsVisible = 0;
			defaultConfigurationName = Release;
		};
		9F62086D2AB929280089A6C1 /* Build configuration list for PBXNativeTarget "SeSAC3Week10" */ = {
			isa = XCConfigurationList;
			buildConfigurations = (
				9F62086E2AB929280089A6C1 /* Debug */,
				9F62086F2AB929280089A6C1 /* Release */,
			);
			defaultConfigurationIsVisible = 0;
			defaultConfigurationName = Release;
		};
/* End XCConfigurationList section */

/* Begin XCRemoteSwiftPackageReference section */
		9F6208702AB929610089A6C1 /* XCRemoteSwiftPackageReference "Alamofire" */ = {
			isa = XCRemoteSwiftPackageReference;
			repositoryURL = "https://github.com/Alamofire/Alamofire";
			requirement = {
				kind = upToNextMajorVersion;
				minimumVersion = 5.0.0;
			};
		};
		9F6208732AB9296A0089A6C1 /* XCRemoteSwiftPackageReference "Kingfisher" */ = {
			isa = XCRemoteSwiftPackageReference;
			repositoryURL = "https://github.com/onevcat/Kingfisher.git";
			requirement = {
				kind = upToNextMajorVersion;
				minimumVersion = 7.0.0;
			};
		};
		9F6208762AB929740089A6C1 /* XCRemoteSwiftPackageReference "SnapKit" */ = {
			isa = XCRemoteSwiftPackageReference;
			repositoryURL = "https://github.com/SnapKit/SnapKit.git";
			requirement = {
				kind = upToNextMajorVersion;
				minimumVersion = 5.0.0;
			};
		};
/* End XCRemoteSwiftPackageReference section */

/* Begin XCSwiftPackageProductDependency section */
		9F6208712AB929610089A6C1 /* Alamofire */ = {
			isa = XCSwiftPackageProductDependency;
			package = 9F6208702AB929610089A6C1 /* XCRemoteSwiftPackageReference "Alamofire" */;
			productName = Alamofire;
		};
		9F6208742AB9296A0089A6C1 /* Kingfisher */ = {
			isa = XCSwiftPackageProductDependency;
			package = 9F6208732AB9296A0089A6C1 /* XCRemoteSwiftPackageReference "Kingfisher" */;
			productName = Kingfisher;
		};
		9F6208772AB929740089A6C1 /* SnapKit */ = {
			isa = XCSwiftPackageProductDependency;
			package = 9F6208762AB929740089A6C1 /* XCRemoteSwiftPackageReference "SnapKit" */;
			productName = SnapKit;
		};
/* End XCSwiftPackageProductDependency section */
	};
	rootObject = 9F6208512AB929260089A6C1 /* Project object */;
}
